
Microsoft Visual Studio Solution File, Format Version 12.00
# Visual Studio 2013
VisualStudioVersion = 12.0.30723.0
MinimumVisualStudioVersion = 10.0.40219.1
Project("{2150E333-8FDC-42A3-9474-1A3956D46DE8}") = "1 - Infrastructure", "1 - Infrastructure", "{32385315-7C55-49C1-BD52-F3A476C1EC6C}"
EndProject
Project("{2150E333-8FDC-42A3-9474-1A3956D46DE8}") = "0 - Core", "0 - Core", "{F90CC7FE-1DB2-4C5F-91DC-9834C6469FCB}"
EndProject
Project("{2150E333-8FDC-42A3-9474-1A3956D46DE8}") = "2 - Domain", "2 - Domain", "{78A981E3-AACC-4DDA-8FB0-31C5CBDA0427}"
EndProject
Project("{2150E333-8FDC-42A3-9474-1A3956D46DE8}") = "3 - Middleware", "3 - Middleware", "{2C6F6461-A914-4A1B-AAB2-FF364DC3BEB6}"
EndProject
Project("{2150E333-8FDC-42A3-9474-1A3956D46DE8}") = "5 - Presentation", "5 - Presentation", "{B3F88E4F-9510-4D4E-9C97-195FE5BFC00A}"
EndProject
Project("{FAE04EC0-301F-11D3-BF4B-00C04F79EFBC}") = "Core", "Core\Core.csproj", "{8997F78C-B299-4294-8386-68F550F9332D}"
EndProject
Project("{FAE04EC0-301F-11D3-BF4B-00C04F79EFBC}") = "Domain.Services", "Domain.Services\Domain.Services.csproj", "{CF83EFF9-2FBE-4E14-A51E-E59BAD25DF4B}"
EndProject
Project("{FAE04EC0-301F-11D3-BF4B-00C04F79EFBC}") = "Domain.Services.Tests", "Domain.Services.Tests\Domain.Services.Tests.csproj", "{9EA79443-FD95-48C8-B355-3E96B9DD0671}"
EndProject
Project("{FAE04EC0-301F-11D3-BF4B-00C04F79EFBC}") = "Core.Tests", "Core.Tests\Core.Tests.csproj", "{A7A1A492-0ADB-4353-A718-1878F6730D9C}"
EndProject
Project("{2150E333-8FDC-42A3-9474-1A3956D46DE8}") = "4 - Modules", "4 - Modules", "{D4F6DB2A-3406-4C84-B56A-6BDF1D6569D5}"
EndProject
Project("{2150E333-8FDC-42A3-9474-1A3956D46DE8}") = "4.1 Task Board", "4.1 Task Board", "{87244643-0272-4BCB-AACF-13FF179B9AEE}"
EndProject
Project("{FAE04EC0-301F-11D3-BF4B-00C04F79EFBC}") = "Middleware", "Middleware\Middleware.csproj", "{D09FEC63-1FEA-47BA-967A-E4522E59D2EF}"
EndProject
Project("{2150E333-8FDC-42A3-9474-1A3956D46DE8}") = "1.1 - Infrastructure.EF.Data", "1.1 - Infrastructure.EF.Data", "{46F1511E-AE71-4812-83AF-54D313255A05}"
EndProject
Project("{2150E333-8FDC-42A3-9474-1A3956D46DE8}") = "1.2 - Intrastructure.CrossCuting", "1.2 - Intrastructure.CrossCuting", "{9D1F324E-20BB-401A-A018-B1A32D287433}"
EndProject
Project("{2150E333-8FDC-42A3-9474-1A3956D46DE8}") = "Asp Net MVC Task Board", "Asp Net MVC Task Board", "{4350B3EB-BC12-4EAB-B4C2-A36EEFDFA08E}"
EndProject
Project("{FAE04EC0-301F-11D3-BF4B-00C04F79EFBC}") = "Domain", "Domain\Domain.csproj", "{71C92238-8FCB-4686-A3A9-13A87F9D5D25}"
EndProject
Project("{FAE04EC0-301F-11D3-BF4B-00C04F79EFBC}") = "Infrastructure.EF.Data", "Infrastructure.EF.Data\Infrastructure.EF.Data.csproj", "{5A4FBC15-A691-4A21-B6A8-D5BD0F3338FB}"
EndProject
Project("{FAE04EC0-301F-11D3-BF4B-00C04F79EFBC}") = "Infrastructure.CrossCutting", "Infrastructure.CrossCutting\Infrastructure.CrossCutting.csproj", "{E4EBB195-1ECE-4689-BA31-B0C05B27E530}"
EndProject
Project("{FAE04EC0-301F-11D3-BF4B-00C04F79EFBC}") = "Module.TaskBoard", "Module.TaskBoard\Module.TaskBoard.csproj", "{05F8DCE5-BCF3-4288-82BB-46D71C327329}"
EndProject
Project("{FAE04EC0-301F-11D3-BF4B-00C04F79EFBC}") = "AspNetMVCTaskBoard", "AspNetMVCTaskBoard\AspNetMVCTaskBoard.csproj", "{361D7EDD-359F-42E7-8D91-D510915A01DB}"
EndProject
Global
	GlobalSection(SolutionConfigurationPlatforms) = preSolution
		Debug|Any CPU = Debug|Any CPU
		Release|Any CPU = Release|Any CPU
	EndGlobalSection
	GlobalSection(ProjectConfigurationPlatforms) = postSolution
		{8997F78C-B299-4294-8386-68F550F9332D}.Debug|Any CPU.ActiveCfg = Debug|Any CPU
		{8997F78C-B299-4294-8386-68F550F9332D}.Debug|Any CPU.Build.0 = Debug|Any CPU
		{8997F78C-B299-4294-8386-68F550F9332D}.Release|Any CPU.ActiveCfg = Release|Any CPU
		{8997F78C-B299-4294-8386-68F550F9332D}.Release|Any CPU.Build.0 = Release|Any CPU
		{CF83EFF9-2FBE-4E14-A51E-E59BAD25DF4B}.Debug|Any CPU.ActiveCfg = Debug|Any CPU
		{CF83EFF9-2FBE-4E14-A51E-E59BAD25DF4B}.Debug|Any CPU.Build.0 = Debug|Any CPU
		{CF83EFF9-2FBE-4E14-A51E-E59BAD25DF4B}.Release|Any CPU.ActiveCfg = Release|Any CPU
		{CF83EFF9-2FBE-4E14-A51E-E59BAD25DF4B}.Release|Any CPU.Build.0 = Release|Any CPU
		{9EA79443-FD95-48C8-B355-3E96B9DD0671}.Debug|Any CPU.ActiveCfg = Debug|Any CPU
		{9EA79443-FD95-48C8-B355-3E96B9DD0671}.Debug|Any CPU.Build.0 = Debug|Any CPU
		{9EA79443-FD95-48C8-B355-3E96B9DD0671}.Release|Any CPU.ActiveCfg = Release|Any CPU
		{9EA79443-FD95-48C8-B355-3E96B9DD0671}.Release|Any CPU.Build.0 = Release|Any CPU
		{A7A1A492-0ADB-4353-A718-1878F6730D9C}.Debug|Any CPU.ActiveCfg = Debug|Any CPU
		{A7A1A492-0ADB-4353-A718-1878F6730D9C}.Debug|Any CPU.Build.0 = Debug|Any CPU
		{A7A1A492-0ADB-4353-A718-1878F6730D9C}.Release|Any CPU.ActiveCfg = Release|Any CPU
		{A7A1A492-0ADB-4353-A718-1878F6730D9C}.Release|Any CPU.Build.0 = Release|Any CPU
		{D09FEC63-1FEA-47BA-967A-E4522E59D2EF}.Debug|Any CPU.ActiveCfg = Debug|Any CPU
		{D09FEC63-1FEA-47BA-967A-E4522E59D2EF}.Debug|Any CPU.Build.0 = Debug|Any CPU
		{D09FEC63-1FEA-47BA-967A-E4522E59D2EF}.Release|Any CPU.ActiveCfg = Release|Any CPU
		{D09FEC63-1FEA-47BA-967A-E4522E59D2EF}.Release|Any CPU.Build.0 = Release|Any CPU
		{71C92238-8FCB-4686-A3A9-13A87F9D5D25}.Debug|Any CPU.ActiveCfg = Debug|Any CPU
		{71C92238-8FCB-4686-A3A9-13A87F9D5D25}.Debug|Any CPU.Build.0 = Debug|Any CPU
		{71C92238-8FCB-4686-A3A9-13A87F9D5D25}.Release|Any CPU.ActiveCfg = Release|Any CPU
		{71C92238-8FCB-4686-A3A9-13A87F9D5D25}.Release|Any CPU.Build.0 = Release|Any CPU
		{5A4FBC15-A691-4A21-B6A8-D5BD0F3338FB}.Debug|Any CPU.ActiveCfg = Debug|Any CPU
		{5A4FBC15-A691-4A21-B6A8-D5BD0F3338FB}.Debug|Any CPU.Build.0 = Debug|Any CPU
		{5A4FBC15-A691-4A21-B6A8-D5BD0F3338FB}.Release|Any CPU.ActiveCfg = Release|Any CPU
		{5A4FBC15-A691-4A21-B6A8-D5BD0F3338FB}.Release|Any CPU.Build.0 = Release|Any CPU
		{E4EBB195-1ECE-4689-BA31-B0C05B27E530}.Debug|Any CPU.ActiveCfg = Debug|Any CPU
		{E4EBB195-1ECE-4689-BA31-B0C05B27E530}.Debug|Any CPU.Build.0 = Debug|Any CPU
		{E4EBB195-1ECE-4689-BA31-B0C05B27E530}.Release|Any CPU.ActiveCfg = Release|Any CPU
		{E4EBB195-1ECE-4689-BA31-B0C05B27E530}.Release|Any CPU.Build.0 = Release|Any CPU
		{05F8DCE5-BCF3-4288-82BB-46D71C327329}.Debug|Any CPU.ActiveCfg = Debug|Any CPU
		{05F8DCE5-BCF3-4288-82BB-46D71C327329}.Debug|Any CPU.Build.0 = Debug|Any CPU
		{05F8DCE5-BCF3-4288-82BB-46D71C327329}.Release|Any CPU.ActiveCfg = Release|Any CPU
		{05F8DCE5-BCF3-4288-82BB-46D71C327329}.Release|Any CPU.Build.0 = Release|Any CPU
		{361D7EDD-359F-42E7-8D91-D510915A01DB}.Debug|Any CPU.ActiveCfg = Debug|Any CPU
		{361D7EDD-359F-42E7-8D91-D510915A01DB}.Debug|Any CPU.Build.0 = Debug|Any CPU
		{361D7EDD-359F-42E7-8D91-D510915A01DB}.Release|Any CPU.ActiveCfg = Release|Any CPU
		{361D7EDD-359F-42E7-8D91-D510915A01DB}.Release|Any CPU.Build.0 = Release|Any CPU
	EndGlobalSection
	GlobalSection(SolutionProperties) = preSolution
		HideSolutionNode = FALSE
	EndGlobalSection
	GlobalSection(NestedProjects) = preSolution
		{8997F78C-B299-4294-8386-68F550F9332D} = {F90CC7FE-1DB2-4C5F-91DC-9834C6469FCB}
		{CF83EFF9-2FBE-4E14-A51E-E59BAD25DF4B} = {78A981E3-AACC-4DDA-8FB0-31C5CBDA0427}
		{9EA79443-FD95-48C8-B355-3E96B9DD0671} = {78A981E3-AACC-4DDA-8FB0-31C5CBDA0427}
		{A7A1A492-0ADB-4353-A718-1878F6730D9C} = {F90CC7FE-1DB2-4C5F-91DC-9834C6469FCB}
		{87244643-0272-4BCB-AACF-13FF179B9AEE} = {D4F6DB2A-3406-4C84-B56A-6BDF1D6569D5}
		{D09FEC63-1FEA-47BA-967A-E4522E59D2EF} = {2C6F6461-A914-4A1B-AAB2-FF364DC3BEB6}
		{46F1511E-AE71-4812-83AF-54D313255A05} = {32385315-7C55-49C1-BD52-F3A476C1EC6C}
		{9D1F324E-20BB-401A-A018-B1A32D287433} = {32385315-7C55-49C1-BD52-F3A476C1EC6C}
		{4350B3EB-BC12-4EAB-B4C2-A36EEFDFA08E} = {B3F88E4F-9510-4D4E-9C97-195FE5BFC00A}
		{71C92238-8FCB-4686-A3A9-13A87F9D5D25} = {78A981E3-AACC-4DDA-8FB0-31C5CBDA0427}
		{5A4FBC15-A691-4A21-B6A8-D5BD0F3338FB} = {46F1511E-AE71-4812-83AF-54D313255A05}
		{E4EBB195-1ECE-4689-BA31-B0C05B27E530} = {9D1F324E-20BB-401A-A018-B1A32D287433}
		{05F8DCE5-BCF3-4288-82BB-46D71C327329} = {87244643-0272-4BCB-AACF-13FF179B9AEE}
		{361D7EDD-359F-42E7-8D91-D510915A01DB} = {4350B3EB-BC12-4EAB-B4C2-A36EEFDFA08E}
	EndGlobalSection
EndGlobal
